// !$*UTF8*$!
{
	archiveVersion = 1;
	classes = {
	};
	objectVersion = 56;
	objects = {

/* Begin PBXBuildFile section */
		A41034A42C3B9838008DD32B /* test2App.swift in Sources */ = {isa = PBXBuildFile; fileRef = A41034A32C3B9838008DD32B /* test2App.swift */; };
		A41034A62C3B9838008DD32B /* ContentView.swift in Sources */ = {isa = PBXBuildFile; fileRef = A41034A52C3B9838008DD32B /* ContentView.swift */; };
		A41034A82C3B9838008DD32B /* Assets.xcassets in Resources */ = {isa = PBXBuildFile; fileRef = A41034A72C3B9838008DD32B /* Assets.xcassets */; };
		A41034AB2C3B9838008DD32B /* Preview Assets.xcassets in Resources */ = {isa = PBXBuildFile; fileRef = A41034AA2C3B9838008DD32B /* Preview Assets.xcassets */; };
		A41034B52C3B9839008DD32B /* test2Tests.swift in Sources */ = {isa = PBXBuildFile; fileRef = A41034B42C3B9839008DD32B /* test2Tests.swift */; };
		A41034BF2C3B9839008DD32B /* test2UITests.swift in Sources */ = {isa = PBXBuildFile; fileRef = A41034BE2C3B9839008DD32B /* test2UITests.swift */; };
		A41034C12C3B9839008DD32B /* test2UITestsLaunchTests.swift in Sources */ = {isa = PBXBuildFile; fileRef = A41034C02C3B9839008DD32B /* test2UITestsLaunchTests.swift */; };
/* End PBXBuildFile section */

/* Begin PBXContainerItemProxy section */
		A41034B12C3B9839008DD32B /* PBXContainerItemProxy */ = {
			isa = PBXContainerItemProxy;
			containerPortal = A41034982C3B9838008DD32B /* Project object */;
			proxyType = 1;
			remoteGlobalIDString = A410349F2C3B9838008DD32B;
			remoteInfo = test2;
		};
		A41034BB2C3B9839008DD32B /* PBXContainerItemProxy */ = {
			isa = PBXContainerItemProxy;
			containerPortal = A41034982C3B9838008DD32B /* Project object */;
			proxyType = 1;
			remoteGlobalIDString = A410349F2C3B9838008DD32B;
			remoteInfo = test2;
		};
/* End PBXContainerItemProxy section */

/* Begin PBXFileReference section */
		A41034A02C3B9838008DD32B /* test2.app */ = {isa = PBXFileReference; explicitFileType = wrapper.application; includeInIndex = 0; path = test2.app; sourceTree = BUILT_PRODUCTS_DIR; };
		A41034A32C3B9838008DD32B /* test2App.swift */ = {isa = PBXFileReference; lastKnownFileType = sourcecode.swift; path = test2App.swift; sourceTree = "<group>"; };
		A41034A52C3B9838008DD32B /* ContentView.swift */ = {isa = PBXFileReference; lastKnownFileType = sourcecode.swift; path = ContentView.swift; sourceTree = "<group>"; };
		A41034A72C3B9838008DD32B /* Assets.xcassets */ = {isa = PBXFileReference; lastKnownFileType = folder.assetcatalog; path = Assets.xcassets; sourceTree = "<group>"; };
		A41034AA2C3B9838008DD32B /* Preview Assets.xcassets */ = {isa = PBXFileReference; lastKnownFileType = folder.assetcatalog; path = "Preview Assets.xcassets"; sourceTree = "<group>"; };
		A41034B02C3B9839008DD32B /* test2Tests.xctest */ = {isa = PBXFileReference; explicitFileType = wrapper.cfbundle; includeInIndex = 0; path = test2Tests.xctest; sourceTree = BUILT_PRODUCTS_DIR; };
		A41034B42C3B9839008DD32B /* test2Tests.swift */ = {isa = PBXFileReference; lastKnownFileType = sourcecode.swift; path = test2Tests.swift; sourceTree = "<group>"; };
		A41034BA2C3B9839008DD32B /* test2UITests.xctest */ = {isa = PBXFileReference; explicitFileType = wrapper.cfbundle; includeInIndex = 0; path = test2UITests.xctest; sourceTree = BUILT_PRODUCTS_DIR; };
		A41034BE2C3B9839008DD32B /* test2UITests.swift */ = {isa = PBXFileReference; lastKnownFileType = sourcecode.swift; path = test2UITests.swift; sourceTree = "<group>"; };
		A41034C02C3B9839008DD32B /* test2UITestsLaunchTests.swift */ = {isa = PBXFileReference; lastKnownFileType = sourcecode.swift; path = test2UITestsLaunchTests.swift; sourceTree = "<group>"; };
/* End PBXFileReference section */

/* Begin PBXFrameworksBuildPhase section */
		A410349D2C3B9838008DD32B /* Frameworks */ = {
			isa = PBXFrameworksBuildPhase;
			buildActionMask = 2147483647;
			files = (
			);
			runOnlyForDeploymentPostprocessing = 0;
		};
		A41034AD2C3B9839008DD32B /* Frameworks */ = {
			isa = PBXFrameworksBuildPhase;
			buildActionMask = 2147483647;
			files = (
			);
			runOnlyForDeploymentPostprocessing = 0;
		};
		A41034B72C3B9839008DD32B /* Frameworks */ = {
			isa = PBXFrameworksBuildPhase;
			buildActionMask = 2147483647;
			files = (
			);
			runOnlyForDeploymentPostprocessing = 0;
		};
/* End PBXFrameworksBuildPhase section */

/* Begin PBXGroup section */
		A41034972C3B9838008DD32B = {
			isa = PBXGroup;
			children = (
				A41034A22C3B9838008DD32B /* test2 */,
				A41034B32C3B9839008DD32B /* test2Tests */,
				A41034BD2C3B9839008DD32B /* test2UITests */,
				A41034A12C3B9838008DD32B /* Products */,
			);
			sourceTree = "<group>";
		};
		A41034A12C3B9838008DD32B /* Products */ = {
			isa = PBXGroup;
			children = (
				A41034A02C3B9838008DD32B /* test2.app */,
				A41034B02C3B9839008DD32B /* test2Tests.xctest */,
				A41034BA2C3B9839008DD32B /* test2UITests.xctest */,
			);
			name = Products;
			sourceTree = "<group>";
		};
		A41034A22C3B9838008DD32B /* test2 */ = {
			isa = PBXGroup;
			children = (
				A41034A32C3B9838008DD32B /* test2App.swift */,
				A41034A52C3B9838008DD32B /* ContentView.swift */,
				A41034A72C3B9838008DD32B /* Assets.xcassets */,
				A41034A92C3B9838008DD32B /* Preview Content */,
			);
			path = test2;
			sourceTree = "<group>";
		};
		A41034A92C3B9838008DD32B /* Preview Content */ = {
			isa = PBXGroup;
			children = (
				A41034AA2C3B9838008DD32B /* Preview Assets.xcassets */,
			);
			path = "Preview Content";
			sourceTree = "<group>";
		};
		A41034B32C3B9839008DD32B /* test2Tests */ = {
			isa = PBXGroup;
			children = (
				A41034B42C3B9839008DD32B /* test2Tests.swift */,
			);
			path = test2Tests;
			sourceTree = "<group>";
		};
		A41034BD2C3B9839008DD32B /* test2UITests */ = {
			isa = PBXGroup;
			children = (
				A41034BE2C3B9839008DD32B /* test2UITests.swift */,
				A41034C02C3B9839008DD32B /* test2UITestsLaunchTests.swift */,
			);
			path = test2UITests;
			sourceTree = "<group>";
		};
/* End PBXGroup section */

/* Begin PBXNativeTarget section */
		A410349F2C3B9838008DD32B /* test2 */ = {
			isa = PBXNativeTarget;
			buildConfigurationList = A41034C42C3B9839008DD32B /* Build configuration list for PBXNativeTarget "test2" */;
			buildPhases = (
				A410349C2C3B9838008DD32B /* Sources */,
				A410349D2C3B9838008DD32B /* Frameworks */,
				A410349E2C3B9838008DD32B /* Resources */,
			);
			buildRules = (
			);
			dependencies = (
			);
			name = test2;
			productName = test2;
			productReference = A41034A02C3B9838008DD32B /* test2.app */;
			productType = "com.apple.product-type.application";
		};
		A41034AF2C3B9839008DD32B /* test2Tests */ = {
			isa = PBXNativeTarget;
			buildConfigurationList = A41034C72C3B9839008DD32B /* Build configuration list for PBXNativeTarget "test2Tests" */;
			buildPhases = (
				A41034AC2C3B9839008DD32B /* Sources */,
				A41034AD2C3B9839008DD32B /* Frameworks */,
				A41034AE2C3B9839008DD32B /* Resources */,
			);
			buildRules = (
			);
			dependencies = (
				A41034B22C3B9839008DD32B /* PBXTargetDependency */,
			);
			name = test2Tests;
			productName = test2Tests;
			productReference = A41034B02C3B9839008DD32B /* test2Tests.xctest */;
			productType = "com.apple.product-type.bundle.unit-test";
		};
		A41034B92C3B9839008DD32B /* test2UITests */ = {
			isa = PBXNativeTarget;
			buildConfigurationList = A41034CA2C3B9839008DD32B /* Build configuration list for PBXNativeTarget "test2UITests" */;
			buildPhases = (
				A41034B62C3B9839008DD32B /* Sources */,
				A41034B72C3B9839008DD32B /* Frameworks */,
				A41034B82C3B9839008DD32B /* Resources */,
			);
			buildRules = (
			);
			dependencies = (
				A41034BC2C3B9839008DD32B /* PBXTargetDependency */,
			);
			name = test2UITests;
			productName = test2UITests;
			productReference = A41034BA2C3B9839008DD32B /* test2UITests.xctest */;
			productType = "com.apple.product-type.bundle.ui-testing";
		};
/* End PBXNativeTarget section */

/* Begin PBXProject section */
		A41034982C3B9838008DD32B /* Project object */ = {
			isa = PBXProject;
			attributes = {
				BuildIndependentTargetsInParallel = 1;
				LastSwiftUpdateCheck = 1540;
				LastUpgradeCheck = 1540;
				TargetAttributes = {
					A410349F2C3B9838008DD32B = {
						CreatedOnToolsVersion = 15.4;
					};
					A41034AF2C3B9839008DD32B = {
						CreatedOnToolsVersion = 15.4;
						TestTargetID = A410349F2C3B9838008DD32B;
					};
					A41034B92C3B9839008DD32B = {
						CreatedOnToolsVersion = 15.4;
						TestTargetID = A410349F2C3B9838008DD32B;
					};
				};
			};
			buildConfigurationList = A410349B2C3B9838008DD32B /* Build configuration list for PBXProject "test2" */;
			compatibilityVersion = "Xcode 14.0";
			developmentRegion = en;
			hasScannedForEncodings = 0;
			knownRegions = (
				en,
				Base,
			);
			mainGroup = A41034972C3B9838008DD32B;
			productRefGroup = A41034A12C3B9838008DD32B /* Products */;
			projectDirPath = "";
			projectRoot = "";
			targets = (
				A410349F2C3B9838008DD32B /* test2 */,
				A41034AF2C3B9839008DD32B /* test2Tests */,
				A41034B92C3B9839008DD32B /* test2UITests */,
			);
		};
/* End PBXProject section */

/* Begin PBXResourcesBuildPhase section */
		A410349E2C3B9838008DD32B /* Resources */ = {
			isa = PBXResourcesBuildPhase;
			buildActionMask = 2147483647;
			files = (
				A41034AB2C3B9838008DD32B /* Preview Assets.xcassets in Resources */,
				A41034A82C3B9838008DD32B /* Assets.xcassets in Resources */,
			);
			runOnlyForDeploymentPostprocessing = 0;
		};
		A41034AE2C3B9839008DD32B /* Resources */ = {
			isa = PBXResourcesBuildPhase;
			buildActionMask = 2147483647;
			files = (
			);
			runOnlyForDeploymentPostprocessing = 0;
		};
		A41034B82C3B9839008DD32B /* Resources */ = {
			isa = PBXResourcesBuildPhase;
			buildActionMask = 2147483647;
			files = (
			);
			runOnlyForDeploymentPostprocessing = 0;
		};
/* End PBXResourcesBuildPhase section */

/* Begin PBXSourcesBuildPhase section */
		A410349C2C3B9838008DD32B /* Sources */ = {
			isa = PBXSourcesBuildPhase;
			buildActionMask = 2147483647;
			files = (
				A41034A62C3B9838008DD32B /* ContentView.swift in Sources */,
				A41034A42C3B9838008DD32B /* test2App.swift in Sources */,
			);
			runOnlyForDeploymentPostprocessing = 0;
		};
		A41034AC2C3B9839008DD32B /* Sources */ = {
			isa = PBXSourcesBuildPhase;
			buildActionMask = 2147483647;
			files = (
				A41034B52C3B9839008DD32B /* test2Tests.swift in Sources */,
			);
			runOnlyForDeploymentPostprocessing = 0;
		};
		A41034B62C3B9839008DD32B /* Sources */ = {
			isa = PBXSourcesBuildPhase;
			buildActionMask = 2147483647;
			files = (
				A41034BF2C3B9839008DD32B /* test2UITests.swift in Sources */,
				A41034C12C3B9839008DD32B /* test2UITestsLaunchTests.swift in Sources */,
			);
			runOnlyForDeploymentPostprocessing = 0;
		};
/* End PBXSourcesBuildPhase section */

/* Begin PBXTargetDependency section */
		A41034B22C3B9839008DD32B /* PBXTargetDependency */ = {
			isa = PBXTargetDependency;
			target = A410349F2C3B9838008DD32B /* test2 */;
			targetProxy = A41034B12C3B9839008DD32B /* PBXContainerItemProxy */;
		};
		A41034BC2C3B9839008DD32B /* PBXTargetDependency */ = {
			isa = PBXTargetDependency;
			target = A410349F2C3B9838008DD32B /* test2 */;
			targetProxy = A41034BB2C3B9839008DD32B /* PBXContainerItemProxy */;
		};
/* End PBXTargetDependency section */

/* Begin XCBuildConfiguration section */
		A41034C22C3B9839008DD32B /* Debug */ = {
			isa = XCBuildConfiguration;
			buildSettings = {
				ALWAYS_SEARCH_USER_PATHS = NO;
				ASSETCATALOG_COMPILER_GENERATE_SWIFT_ASSET_SYMBOL_EXTENSIONS = YES;
				CLANG_ANALYZER_NONNULL = YES;
				CLANG_ANALYZER_NUMBER_OBJECT_CONVERSION = YES_AGGRESSIVE;
				CLANG_CXX_LANGUAGE_STANDARD = "gnu++20";
				CLANG_ENABLE_MODULES = YES;
				CLANG_ENABLE_OBJC_ARC = YES;
				CLANG_ENABLE_OBJC_WEAK = YES;
				CLANG_WARN_BLOCK_CAPTURE_AUTORELEASING = YES;
				CLANG_WARN_BOOL_CONVERSION = YES;
				CLANG_WARN_COMMA = YES;
				CLANG_WARN_CONSTANT_CONVERSION = YES;
				CLANG_WARN_DEPRECATED_OBJC_IMPLEMENTATIONS = YES;
				CLANG_WARN_DIRECT_OBJC_ISA_USAGE = YES_ERROR;
				CLANG_WARN_DOCUMENTATION_COMMENTS = YES;
				CLANG_WARN_EMPTY_BODY = YES;
				CLANG_WARN_ENUM_CONVERSION = YES;
				CLANG_WARN_INFINITE_RECURSION = YES;
				CLANG_WARN_INT_CONVERSION = YES;
				CLANG_WARN_NON_LITERAL_NULL_CONVERSION = YES;
				CLANG_WARN_OBJC_IMPLICIT_RETAIN_SELF = YES;
				CLANG_WARN_OBJC_LITERAL_CONVERSION = YES;
				CLANG_WARN_OBJC_ROOT_CLASS = YES_ERROR;
				CLANG_WARN_QUOTED_INCLUDE_IN_FRAMEWORK_HEADER = YES;
				CLANG_WARN_RANGE_LOOP_ANALYSIS = YES;
				CLANG_WARN_STRICT_PROTOTYPES = YES;
				CLANG_WARN_SUSPICIOUS_MOVE = YES;
				CLANG_WARN_UNGUARDED_AVAILABILITY = YES_AGGRESSIVE;
				CLANG_WARN_UNREACHABLE_CODE = YES;
				CLANG_WARN__DUPLICATE_METHOD_MATCH = YES;
				COPY_PHASE_STRIP = NO;
				DEBUG_INFORMATION_FORMAT = dwarf;
				ENABLE_STRICT_OBJC_MSGSEND = YES;
				ENABLE_TESTABILITY = YES;
				ENABLE_USER_SCRIPT_SANDBOXING = YES;
				GCC_C_LANGUAGE_STANDARD = gnu17;
				GCC_DYNAMIC_NO_PIC = NO;
				GCC_NO_COMMON_BLOCKS = YES;
				GCC_OPTIMIZATION_LEVEL = 0;
				GCC_PREPROCESSOR_DEFINITIONS = (
					"DEBUG=1",
					"$(inherited)",
				);
				GCC_WARN_64_TO_32_BIT_CONVERSION = YES;
				GCC_WARN_ABOUT_RETURN_TYPE = YES_ERROR;
				GCC_WARN_UNDECLARED_SELECTOR = YES;
				GCC_WARN_UNINITIALIZED_AUTOS = YES_AGGRESSIVE;
				GCC_WARN_UNUSED_FUNCTION = YES;
				GCC_WARN_UNUSED_VARIABLE = YES;
				IPHONEOS_DEPLOYMENT_TARGET = 17.5;
				LOCALIZATION_PREFERS_STRING_CATALOGS = YES;
				MTL_ENABLE_DEBUG_INFO = INCLUDE_SOURCE;
				MTL_FAST_MATH = YES;
				ONLY_ACTIVE_ARCH = YES;
				SDKROOT = iphoneos;
				SWIFT_ACTIVE_COMPILATION_CONDITIONS = "DEBUG $(inherited)";
				SWIFT_OPTIMIZATION_LEVEL = "-Onone";
			};
			name = Debug;
		};
		A41034C32C3B9839008DD32B /* Release */ = {
			isa = XCBuildConfiguration;
			buildSettings = {
				ALWAYS_SEARCH_USER_PATHS = NO;
				ASSETCATALOG_COMPILER_GENERATE_SWIFT_ASSET_SYMBOL_EXTENSIONS = YES;
				CLANG_ANALYZER_NONNULL = YES;
				CLANG_ANALYZER_NUMBER_OBJECT_CONVERSION = YES_AGGRESSIVE;
				CLANG_CXX_LANGUAGE_STANDARD = "gnu++20";
				CLANG_ENABLE_MODULES = YES;
				CLANG_ENABLE_OBJC_ARC = YES;
				CLANG_ENABLE_OBJC_WEAK = YES;
				CLANG_WARN_BLOCK_CAPTURE_AUTORELEASING = YES;
				CLANG_WARN_BOOL_CONVERSION = YES;
				CLANG_WARN_COMMA = YES;
				CLANG_WARN_CONSTANT_CONVERSION = YES;
				CLANG_WARN_DEPRECATED_OBJC_IMPLEMENTATIONS = YES;
				CLANG_WARN_DIRECT_OBJC_ISA_USAGE = YES_ERROR;
				CLANG_WARN_DOCUMENTATION_COMMENTS = YES;
				CLANG_WARN_EMPTY_BODY = YES;
				CLANG_WARN_ENUM_CONVERSION = YES;
				CLANG_WARN_INFINITE_RECURSION = YES;
				CLANG_WARN_INT_CONVERSION = YES;
				CLANG_WARN_NON_LITERAL_NULL_CONVERSION = YES;
				CLANG_WARN_OBJC_IMPLICIT_RETAIN_SELF = YES;
				CLANG_WARN_OBJC_LITERAL_CONVERSION = YES;
				CLANG_WARN_OBJC_ROOT_CLASS = YES_ERROR;
				CLANG_WARN_QUOTED_INCLUDE_IN_FRAMEWORK_HEADER = YES;
				CLANG_WARN_RANGE_LOOP_ANALYSIS = YES;
				CLANG_WARN_STRICT_PROTOTYPES = YES;
				CLANG_WARN_SUSPICIOUS_MOVE = YES;
				CLANG_WARN_UNGUARDED_AVAILABILITY = YES_AGGRESSIVE;
				CLANG_WARN_UNREACHABLE_CODE = YES;
				CLANG_WARN__DUPLICATE_METHOD_MATCH = YES;
				COPY_PHASE_STRIP = NO;
				DEBUG_INFORMATION_FORMAT = "dwarf-with-dsym";
				ENABLE_NS_ASSERTIONS = NO;
				ENABLE_STRICT_OBJC_MSGSEND = YES;
				ENABLE_USER_SCRIPT_SANDBOXING = YES;
				GCC_C_LANGUAGE_STANDARD = gnu17;
				GCC_NO_COMMON_BLOCKS = YES;
				GCC_WARN_64_TO_32_BIT_CONVERSION = YES;
				GCC_WARN_ABOUT_RETURN_TYPE = YES_ERROR;
				GCC_WARN_UNDECLARED_SELECTOR = YES;
				GCC_WARN_UNINITIALIZED_AUTOS = YES_AGGRESSIVE;
				GCC_WARN_UNUSED_FUNCTION = YES;
				GCC_WARN_UNUSED_VARIABLE = YES;
				IPHONEOS_DEPLOYMENT_TARGET = 17.5;
				LOCALIZATION_PREFERS_STRING_CATALOGS = YES;
				MTL_ENABLE_DEBUG_INFO = NO;
				MTL_FAST_MATH = YES;
				SDKROOT = iphoneos;
				SWIFT_COMPILATION_MODE = wholemodule;
				VALIDATE_PRODUCT = YES;
			};
			name = Release;
		};
		A41034C52C3B9839008DD32B /* Debug */ = {
			isa = XCBuildConfiguration;
			buildSettings = {
				ASSETCATALOG_COMPILER_APPICON_NAME = AppIcon;
				ASSETCATALOG_COMPILER_GLOBAL_ACCENT_COLOR_NAME = AccentColor;
				CODE_SIGN_STYLE = Automatic;
				CURRENT_PROJECT_VERSION = 1;
				DEVELOPMENT_ASSET_PATHS = "\"test2/Preview Content\"";
				DEVELOPMENT_TEAM = 9R5V57PSCN;
				ENABLE_PREVIEWS = YES;
				GENERATE_INFOPLIST_FILE = YES;
				INFOPLIST_KEY_UIApplicationSceneManifest_Generation = YES;
				INFOPLIST_KEY_UIApplicationSupportsIndirectInputEvents = YES;
				INFOPLIST_KEY_UILaunchScreen_Generation = YES;
				INFOPLIST_KEY_UISupportedInterfaceOrientations_iPad = "UIInterfaceOrientationPortrait UIInterfaceOrientationPortraitUpsideDown UIInterfaceOrientationLandscapeLeft UIInterfaceOrientationLandscapeRight";
				INFOPLIST_KEY_UISupportedInterfaceOrientations_iPhone = "UIInterfaceOrientationPortrait UIInterfaceOrientationLandscapeLeft UIInterfaceOrientationLandscapeRight";
				LD_RUNPATH_SEARCH_PATHS = (
					"$(inherited)",
					"@executable_path/Frameworks",
				);
				MARKETING_VERSION = 1.0;
				PRODUCT_BUNDLE_IDENTIFIER = unknown.test2;
				PRODUCT_NAME = "$(TARGET_NAME)";
				SWIFT_EMIT_LOC_STRINGS = YES;
				SWIFT_VERSION = 5.0;
				TARGETED_DEVICE_FAMILY = "1,2";
			};
			name = Debug;
		};
		A41034C62C3B9839008DD32B /* Release */ = {
			isa = XCBuildConfiguration;
			buildSettings = {
				ASSETCATALOG_COMPILER_APPICON_NAME = AppIcon;
				ASSETCATALOG_COMPILER_GLOBAL_ACCENT_COLOR_NAME = AccentColor;
				CODE_SIGN_STYLE = Automatic;
				CURRENT_PROJECT_VERSION = 1;
				DEVELOPMENT_ASSET_PATHS = "\"test2/Preview Content\"";
				DEVELOPMENT_TEAM = 9R5V57PSCN;
				ENABLE_PREVIEWS = YES;
				GENERATE_INFOPLIST_FILE = YES;
				INFOPLIST_KEY_UIApplicationSceneManifest_Generation = YES;
				INFOPLIST_KEY_UIApplicationSupportsIndirectInputEvents = YES;
				INFOPLIST_KEY_UILaunchScreen_Generation = YES;
				INFOPLIST_KEY_UISupportedInterfaceOrientations_iPad = "UIInterfaceOrientationPortrait UIInterfaceOrientationPortraitUpsideDown UIInterfaceOrientationLandscapeLeft UIInterfaceOrientationLandscapeRight";
				INFOPLIST_KEY_UISupportedInterfaceOrientations_iPhone = "UIInterfaceOrientationPortrait UIInterfaceOrientationLandscapeLeft UIInterfaceOrientationLandscapeRight";
				LD_RUNPATH_SEARCH_PATHS = (
					"$(inherited)",
					"@executable_path/Frameworks",
				);
				MARKETING_VERSION = 1.0;
				PRODUCT_BUNDLE_IDENTIFIER = unknown.test2;
				PRODUCT_NAME = "$(TARGET_NAME)";
				SWIFT_EMIT_LOC_STRINGS = YES;
				SWIFT_VERSION = 5.0;
				TARGETED_DEVICE_FAMILY = "1,2";
			};
			name = Release;
		};
		A41034C82C3B9839008DD32B /* Debug */ = {
			isa = XCBuildConfiguration;
			buildSettings = {
				ALWAYS_EMBED_SWIFT_STANDARD_LIBRARIES = YES;
				BUNDLE_LOADER = "$(TEST_HOST)";
				CODE_SIGN_STYLE = Automatic;
				CURRENT_PROJECT_VERSION = 1;
				DEVELOPMENT_TEAM = 9R5V57PSCN;
				GENERATE_INFOPLIST_FILE = YES;
				IPHONEOS_DEPLOYMENT_TARGET = 17.5;
				MARKETING_VERSION = 1.0;
				PRODUCT_BUNDLE_IDENTIFIER = unknown.test2Tests;
				PRODUCT_NAME = "$(TARGET_NAME)";
				SWIFT_EMIT_LOC_STRINGS = NO;
				SWIFT_VERSION = 5.0;
				TARGETED_DEVICE_FAMILY = "1,2";
				TEST_HOST = "$(BUILT_PRODUCTS_DIR)/test2.app/$(BUNDLE_EXECUTABLE_FOLDER_PATH)/test2";
			};
			name = Debug;
		};
		A41034C92C3B9839008DD32B /* Release */ = {
			isa = XCBuildConfiguration;
			buildSettings = {
				ALWAYS_EMBED_SWIFT_STANDARD_LIBRARIES = YES;
				BUNDLE_LOADER = "$(TEST_HOST)";
				CODE_SIGN_STYLE = Automatic;
				CURRENT_PROJECT_VERSION = 1;
				DEVELOPMENT_TEAM = 9R5V57PSCN;
				GENERATE_INFOPLIST_FILE = YES;
				IPHONEOS_DEPLOYMENT_TARGET = 17.5;
				MARKETING_VERSION = 1.0;
				PRODUCT_BUNDLE_IDENTIFIER = unknown.test2Tests;
				PRODUCT_NAME = "$(TARGET_NAME)";
				SWIFT_EMIT_LOC_STRINGS = NO;
				SWIFT_VERSION = 5.0;
				TARGETED_DEVICE_FAMILY = "1,2";
				TEST_HOST = "$(BUILT_PRODUCTS_DIR)/test2.app/$(BUNDLE_EXECUTABLE_FOLDER_PATH)/test2";
			};
			name = Release;
		};
		A41034CB2C3B9839008DD32B /* Debug */ = {
			isa = XCBuildConfiguration;
			buildSettings = {
				ALWAYS_EMBED_SWIFT_STANDARD_LIBRARIES = YES;
				CODE_SIGN_STYLE = Automatic;
				CURRENT_PROJECT_VERSION = 1;
				DEVELOPMENT_TEAM = 9R5V57PSCN;
				GENERATE_INFOPLIST_FILE = YES;
				MARKETING_VERSION = 1.0;
				PRODUCT_BUNDLE_IDENTIFIER = unknown.test2UITests;
				PRODUCT_NAME = "$(TARGET_NAME)";
				SWIFT_EMIT_LOC_STRINGS = NO;
				SWIFT_VERSION = 5.0;
				TARGETED_DEVICE_FAMILY = "1,2";
				TEST_TARGET_NAME = test2;
			};
			name = Debug;
		};
		A41034CC2C3B9839008DD32B /* Release */ = {
			isa = XCBuildConfiguration;
			buildSettings = {
				ALWAYS_EMBED_SWIFT_STANDARD_LIBRARIES = YES;
				CODE_SIGN_STYLE = Automatic;
				CURRENT_PROJECT_VERSION = 1;
				DEVELOPMENT_TEAM = 9R5V57PSCN;
				GENERATE_INFOPLIST_FILE = YES;
				MARKETING_VERSION = 1.0;
				PRODUCT_BUNDLE_IDENTIFIER = unknown.test2UITests;
				PRODUCT_NAME = "$(TARGET_NAME)";
				SWIFT_EMIT_LOC_STRINGS = NO;
				SWIFT_VERSION = 5.0;
				TARGETED_DEVICE_FAMILY = "1,2";
				TEST_TARGET_NAME = test2;
			};
			name = Release;
		};
/* End XCBuildConfiguration section */

/* Begin XCConfigurationList section */
		A410349B2C3B9838008DD32B /* Build configuration list for PBXProject "test2" */ = {
			isa = XCConfigurationList;
			buildConfigurations = (
				A41034C22C3B9839008DD32B /* Debug */,
				A41034C32C3B9839008DD32B /* Release */,
			);
			defaultConfigurationIsVisible = 0;
			defaultConfigurationName = Release;
		};
		A41034C42C3B9839008DD32B /* Build configuration list for PBXNativeTarget "test2" */ = {
			isa = XCConfigurationList;
			buildConfigurations = (
				A41034C52C3B9839008DD32B /* Debug */,
				A41034C62C3B9839008DD32B /* Release */,
			);
			defaultConfigurationIsVisible = 0;
			defaultConfigurationName = Release;
		};
		A41034C72C3B9839008DD32B /* Build configuration list for PBXNativeTarget "test2Tests" */ = {
			isa = XCConfigurationList;
			buildConfigurations = (
				A41034C82C3B9839008DD32B /* Debug */,
				A41034C92C3B9839008DD32B /* Release */,
			);
			defaultConfigurationIsVisible = 0;
			defaultConfigurationName = Release;
		};
		A41034CA2C3B9839008DD32B /* Build configuration list for PBXNativeTarget "test2UITests" */ = {
			isa = XCConfigurationList;
			buildConfigurations = (
				A41034CB2C3B9839008DD32B /* Debug */,
				A41034CC2C3B9839008DD32B /* Release */,
			);
			defaultConfigurationIsVisible = 0;
			defaultConfigurationName = Release;
		};
/* End XCConfigurationList section */
	};
	rootObject = A41034982C3B9838008DD32B /* Project object */;
}
